// !$*UTF8*$!
{
	archiveVersion = 1;
	classes = {
	};
	objectVersion = 46;
	objects = {

/* Begin PBXBuildFile section */
		9B4717451E4DFFDC0026D4A9 /* AppDelegate.swift in Sources */ = {isa = PBXBuildFile; fileRef = 9B4717441E4DFFDC0026D4A9 /* AppDelegate.swift */; };
		9B4717471E4DFFDC0026D4A9 /* ViewController.swift in Sources */ = {isa = PBXBuildFile; fileRef = 9B4717461E4DFFDC0026D4A9 /* ViewController.swift */; };
		9B47174A1E4DFFDC0026D4A9 /* Main.storyboard in Resources */ = {isa = PBXBuildFile; fileRef = 9B4717481E4DFFDC0026D4A9 /* Main.storyboard */; };
		9B47174C1E4DFFDC0026D4A9 /* Assets.xcassets in Resources */ = {isa = PBXBuildFile; fileRef = 9B47174B1E4DFFDC0026D4A9 /* Assets.xcassets */; };
		9B47174F1E4DFFDC0026D4A9 /* LaunchScreen.storyboard in Resources */ = {isa = PBXBuildFile; fileRef = 9B47174D1E4DFFDC0026D4A9 /* LaunchScreen.storyboard */; };
		9B4717571E4E04A30026D4A9 /* DetalhesViewController.swift in Sources */ = {isa = PBXBuildFile; fileRef = 9B4717561E4E04A30026D4A9 /* DetalhesViewController.swift */; };
/* End PBXBuildFile section */

/* Begin PBXFileReference section */
		9B4717411E4DFFDC0026D4A9 /* Passando dados entre views.app */ = {isa = PBXFileReference; explicitFileType = wrapper.application; includeInIndex = 0; path = "Passando dados entre views.app"; sourceTree = BUILT_PRODUCTS_DIR; };
		9B4717441E4DFFDC0026D4A9 /* AppDelegate.swift */ = {isa = PBXFileReference; lastKnownFileType = sourcecode.swift; path = AppDelegate.swift; sourceTree = "<group>"; };
		9B4717461E4DFFDC0026D4A9 /* ViewController.swift */ = {isa = PBXFileReference; lastKnownFileType = sourcecode.swift; path = ViewController.swift; sourceTree = "<group>"; };
		9B4717491E4DFFDC0026D4A9 /* Base */ = {isa = PBXFileReference; lastKnownFileType = file.storyboard; name = Base; path = Base.lproj/Main.storyboard; sourceTree = "<group>"; };
		9B47174B1E4DFFDC0026D4A9 /* Assets.xcassets */ = {isa = PBXFileReference; lastKnownFileType = folder.assetcatalog; path = Assets.xcassets; sourceTree = "<group>"; };
		9B47174E1E4DFFDC0026D4A9 /* Base */ = {isa = PBXFileReference; lastKnownFileType = file.storyboard; name = Base; path = Base.lproj/LaunchScreen.storyboard; sourceTree = "<group>"; };
		9B4717501E4DFFDC0026D4A9 /* Info.plist */ = {isa = PBXFileReference; lastKnownFileType = text.plist.xml; path = Info.plist; sourceTree = "<group>"; };
		9B4717561E4E04A30026D4A9 /* DetalhesViewController.swift */ = {isa = PBXFileReference; fileEncoding = 4; lastKnownFileType = sourcecode.swift; path = DetalhesViewController.swift; sourceTree = "<group>"; };
/* End PBXFileReference section */

/* Begin PBXFrameworksBuildPhase section */
		9B47173E1E4DFFDC0026D4A9 /* Frameworks */ = {
			isa = PBXFrameworksBuildPhase;
			buildActionMask = 2147483647;
			files = (
			);
			runOnlyForDeploymentPostprocessing = 0;
		};
/* End PBXFrameworksBuildPhase section */

/* Begin PBXGroup section */
		9B4717381E4DFFDC0026D4A9 = {
			isa = PBXGroup;
			children = (
				9B4717431E4DFFDC0026D4A9 /* Passando dados entre views */,
				9B4717421E4DFFDC0026D4A9 /* Products */,
			);
			sourceTree = "<group>";
		};
		9B4717421E4DFFDC0026D4A9 /* Products */ = {
			isa = PBXGroup;
			children = (
				9B4717411E4DFFDC0026D4A9 /* Passando dados entre views.app */,
			);
			name = Products;
			sourceTree = "<group>";
		};
		9B4717431E4DFFDC0026D4A9 /* Passando dados entre views */ = {
			isa = PBXGroup;
			children = (
				9B4717441E4DFFDC0026D4A9 /* AppDelegate.swift */,
				9B4717461E4DFFDC0026D4A9 /* ViewController.swift */,
				9B4717561E4E04A30026D4A9 /* DetalhesViewController.swift */,
				9B4717481E4DFFDC0026D4A9 /* Main.storyboard */,
				9B47174B1E4DFFDC0026D4A9 /* Assets.xcassets */,
				9B47174D1E4DFFDC0026D4A9 /* LaunchScreen.storyboard */,
				9B4717501E4DFFDC0026D4A9 /* Info.plist */,
			);
			path = "Passando dados entre views";
			sourceTree = "<group>";
		};
/* End PBXGroup section */

/* Begin PBXNativeTarget section */
		9B4717401E4DFFDC0026D4A9 /* Passando dados entre views */ = {
			isa = PBXNativeTarget;
			buildConfigurationList = 9B4717531E4DFFDC0026D4A9 /* Build configuration list for PBXNativeTarget "Passando dados entre views" */;
			buildPhases = (
				9B47173D1E4DFFDC0026D4A9 /* Sources */,
				9B47173E1E4DFFDC0026D4A9 /* Frameworks */,
				9B47173F1E4DFFDC0026D4A9 /* Resources */,
			);
			buildRules = (
			);
			dependencies = (
			);
			name = "Passando dados entre views";
			productName = "Passando dados entre views";
			productReference = 9B4717411E4DFFDC0026D4A9 /* Passando dados entre views.app */;
			productType = "com.apple.product-type.application";
		};
/* End PBXNativeTarget section */

/* Begin PBXProject section */
		9B4717391E4DFFDC0026D4A9 /* Project object */ = {
			isa = PBXProject;
			attributes = {
				LastSwiftUpdateCheck = 0800;
				LastUpgradeCheck = 0800;
				ORGANIZATIONNAME = "Tiago-Dev13";
				TargetAttributes = {
					9B4717401E4DFFDC0026D4A9 = {
						CreatedOnToolsVersion = 8.0;
						ProvisioningStyle = Automatic;
					};
				};
			};
			buildConfigurationList = 9B47173C1E4DFFDC0026D4A9 /* Build configuration list for PBXProject "Passando dados entre views" */;
			compatibilityVersion = "Xcode 3.2";
			developmentRegion = English;
			hasScannedForEncodings = 0;
			knownRegions = (
				en,
				Base,
			);
			mainGroup = 9B4717381E4DFFDC0026D4A9;
			productRefGroup = 9B4717421E4DFFDC0026D4A9 /* Products */;
			projectDirPath = "";
			projectRoot = "";
			targets = (
				9B4717401E4DFFDC0026D4A9 /* Passando dados entre views */,
			);
		};
/* End PBXProject section */

/* Begin PBXResourcesBuildPhase section */
		9B47173F1E4DFFDC0026D4A9 /* Resources */ = {
			isa = PBXResourcesBuildPhase;
			buildActionMask = 2147483647;
			files = (
				9B47174F1E4DFFDC0026D4A9 /* LaunchScreen.storyboard in Resources */,
				9B47174C1E4DFFDC0026D4A9 /* Assets.xcassets in Resources */,
				9B47174A1E4DFFDC0026D4A9 /* Main.storyboard in Resources */,
			);
			runOnlyForDeploymentPostprocessing = 0;
		};
/* End PBXResourcesBuildPhase section */

/* Begin PBXSourcesBuildPhase section */
		9B47173D1E4DFFDC0026D4A9 /* Sources */ = {
			isa = PBXSourcesBuildPhase;
			buildActionMask = 2147483647;
			files = (
				9B4717471E4DFFDC0026D4A9 /* ViewController.swift in Sources */,
				9B4717451E4DFFDC0026D4A9 /* AppDelegate.swift in Sources */,
				9B4717571E4E04A30026D4A9 /* DetalhesViewController.swift in Sources */,
			);
			runOnlyForDeploymentPostprocessing = 0;
		};
/* End PBXSourcesBuildPhase section */

/* Begin PBXVariantGroup section */
		9B4717481E4DFFDC0026D4A9 /* Main.storyboard */ = {
			isa = PBXVariantGroup;
			children = (
				9B4717491E4DFFDC0026D4A9 /* Base */,
			);
			name = Main.storyboard;
			sourceTree = "<group>";
		};
		9B47174D1E4DFFDC0026D4A9 /* LaunchScreen.storyboard */ = {
			isa = PBXVariantGroup;
			children = (
				9B47174E1E4DFFDC0026D4A9 /* Base */,
			);
			name = LaunchScreen.storyboard;
			sourceTree = "<group>";
		};
/* End PBXVariantGroup section */

/* Begin XCBuildConfiguration section */
		9B4717511E4DFFDC0026D4A9 /* Debug */ = {
			isa = XCBuildConfiguration;
			buildSettings = {
				ALWAYS_SEARCH_USER_PATHS = NO;
				CLANG_ANALYZER_NONNULL = YES;
				CLANG_CXX_LANGUAGE_STANDARD = "gnu++0x";
				CLANG_CXX_LIBRARY = "libc++";
				CLANG_ENABLE_MODULES = YES;
				CLANG_ENABLE_OBJC_ARC = YES;
				CLANG_WARN_BOOL_CONVERSION = YES;
				CLANG_WARN_CONSTANT_CONVERSION = YES;
				CLANG_WARN_DIRECT_OBJC_ISA_USAGE = YES_ERROR;
				CLANG_WARN_DOCUMENTATION_COMMENTS = YES;
				CLANG_WARN_EMPTY_BODY = YES;
				CLANG_WARN_ENUM_CONVERSION = YES;
				CLANG_WARN_INFINITE_RECURSION = YES;
				CLANG_WARN_INT_CONVERSION = YES;
				CLANG_WARN_OBJC_ROOT_CLASS = YES_ERROR;
				CLANG_WARN_SUSPICIOUS_MOVES = YES;
				CLANG_WARN_UNREACHABLE_CODE = YES;
				CLANG_WARN__DUPLICATE_METHOD_MATCH = YES;
				"CODE_SIGN_IDENTITY[sdk=iphoneos*]" = "iPhone Developer";
				COPY_PHASE_STRIP = NO;
				DEBUG_INFORMATION_FORMAT = dwarf;
				ENABLE_STRICT_OBJC_MSGSEND = YES;
				ENABLE_TESTABILITY = YES;
				GCC_C_LANGUAGE_STANDARD = gnu99;
				GCC_DYNAMIC_NO_PIC = NO;
				GCC_NO_COMMON_BLOCKS = YES;
				GCC_OPTIMIZATION_LEVEL = 0;
				GCC_PREPROCESSOR_DEFINITIONS = (
					"DEBUG=1",
					"$(inherited)",
				);
				GCC_WARN_64_TO_32_BIT_CONVERSION = YES;
				GCC_WARN_ABOUT_RETURN_TYPE = YES_ERROR;
				GCC_WARN_UNDECLARED_SELECTOR = YES;
				GCC_WARN_UNINITIALIZED_AUTOS = YES_AGGRESSIVE;
				GCC_WARN_UNUSED_FUNCTION = YES;
				GCC_WARN_UNUSED_VARIABLE = YES;
				IPHONEOS_DEPLOYMENT_TARGET = 10.0;
				MTL_ENABLE_DEBUG_INFO = YES;
				ONLY_ACTIVE_ARCH = YES;
				SDKROOT = iphoneos;
				SWIFT_ACTIVE_COMPILATION_CONDITIONS = DEBUG;
				SWIFT_OPTIMIZATION_LEVEL = "-Onone";
			};
			name = Debug;
		};
		9B4717521E4DFFDC0026D4A9 /* Release */ = {
			isa = XCBuildConfiguration;
			buildSettings = {
				ALWAYS_SEARCH_USER_PATHS = NO;
				CLANG_ANALYZER_NONNULL = YES;
				CLANG_CXX_LANGUAGE_STANDARD = "gnu++0x";
				CLANG_CXX_LIBRARY = "libc++";
				CLANG_ENABLE_MODULES = YES;
				CLANG_ENABLE_OBJC_ARC = YES;
				CLANG_WARN_BOOL_CONVERSION = YES;
				CLANG_WARN_CONSTANT_CONVERSION = YES;
				CLANG_WARN_DIRECT_OBJC_ISA_USAGE = YES_ERROR;
				CLANG_WARN_DOCUMENTATION_COMMENTS = YES;
				CLANG_WARN_EMPTY_BODY = YES;
				CLANG_WARN_ENUM_CONVERSION = YES;
				CLANG_WARN_INFINITE_RECURSION = YES;
				CLANG_WARN_INT_CONVERSION = YES;
				CLANG_WARN_OBJC_ROOT_CLASS = YES_ERROR;
				CLANG_WARN_SUSPICIOUS_MOVES = YES;
				CLANG_WARN_UNREACHABLE_CODE = YES;
				CLANG_WARN__DUPLICATE_METHOD_MATCH = YES;
				"CODE_SIGN_IDENTITY[sdk=iphoneos*]" = "iPhone Developer";
				COPY_PHASE_STRIP = NO;
				DEBUG_INFORMATION_FORMAT = "dwarf-with-dsym";
				ENABLE_NS_ASSERTIONS = NO;
				ENABLE_STRICT_OBJC_MSGSEND = YES;
				GCC_C_LANGUAGE_STANDARD = gnu99;
				GCC_NO_COMMON_BLOCKS = YES;
				GCC_WARN_64_TO_32_BIT_CONVERSION = YES;
				GCC_WARN_ABOUT_RETURN_TYPE = YES_ERROR;
				GCC_WARN_UNDECLARED_SELECTOR = YES;
				GCC_WARN_UNINITIALIZED_AUTOS = YES_AGGRESSIVE;
				GCC_WARN_UNUSED_FUNCTION = YES;
				GCC_WARN_UNUSED_VARIABLE = YES;
				IPHONEOS_DEPLOYMENT_TARGET = 10.0;
				MTL_ENABLE_DEBUG_INFO = NO;
				SDKROOT = iphoneos;
				SWIFT_OPTIMIZATION_LEVEL = "-Owholemodule";
				VALIDATE_PRODUCT = YES;
			};
			name = Release;
		};
		9B4717541E4DFFDC0026D4A9 /* Debug */ = {
			isa = XCBuildConfiguration;
			buildSettings = {
				ASSETCATALOG_COMPILER_APPICON_NAME = AppIcon;
				INFOPLIST_FILE = "Passando dados entre views/Info.plist";
				LD_RUNPATH_SEARCH_PATHS = "$(inherited) @executable_path/Frameworks";
				PRODUCT_BUNDLE_IDENTIFIER = "br.com.Passando-dados-entre-views";
				PRODUCT_NAME = "$(TARGET_NAME)";
				SWIFT_VERSION = 3.0;
			};
			name = Debug;
		};
		9B4717551E4DFFDC0026D4A9 /* Release */ = {
			isa = XCBuildConfiguration;
			buildSettings = {
				ASSETCATALOG_COMPILER_APPICON_NAME = AppIcon;
				INFOPLIST_FILE = "Passando dados entre views/Info.plist";
				LD_RUNPATH_SEARCH_PATHS = "$(inherited) @executable_path/Frameworks";
				PRODUCT_BUNDLE_IDENTIFIER = "br.com.Passando-dados-entre-views";
				PRODUCT_NAME = "$(TARGET_NAME)";
				SWIFT_VERSION = 3.0;
			};
			name = Release;
		};
/* End XCBuildConfiguration section */

/* Begin XCConfigurationList section */
		9B47173C1E4DFFDC0026D4A9 /* Build configuration list for PBXProject "Passando dados entre views" */ = {
			isa = XCConfigurationList;
			buildConfigurations = (
				9B4717511E4DFFDC0026D4A9 /* Debug */,
				9B4717521E4DFFDC0026D4A9 /* Release */,
			);
			defaultConfigurationIsVisible = 0;
			defaultConfigurationName = Release;
		};
		9B4717531E4DFFDC0026D4A9 /* Build configuration list for PBXNativeTarget "Passando dados entre views" */ = {
			isa = XCConfigurationList;
			buildConfigurations = (
				9B4717541E4DFFDC0026D4A9 /* Debug */,
				9B4717551E4DFFDC0026D4A9 /* Release */,
			);
			defaultConfigurationIsVisible = 0;
		};
/* End XCConfigurationList section */
	};
	rootObject = 9B4717391E4DFFDC0026D4A9 /* Project object */;
}
