// !$*UTF8*$!
{
	archiveVersion = 1;
	classes = {
	};
	objectVersion = 46;
	objects = {

/* Begin PBXBuildFile section */
		9B47CC381E4C8A12007D7663 /* AppDelegate.swift in Sources */ = {isa = PBXBuildFile; fileRef = 9B47CC371E4C8A12007D7663 /* AppDelegate.swift */; };
		9B47CC3A1E4C8A12007D7663 /* ViewController.swift in Sources */ = {isa = PBXBuildFile; fileRef = 9B47CC391E4C8A12007D7663 /* ViewController.swift */; };
		9B47CC3D1E4C8A12007D7663 /* Main.storyboard in Resources */ = {isa = PBXBuildFile; fileRef = 9B47CC3B1E4C8A12007D7663 /* Main.storyboard */; };
		9B47CC3F1E4C8A12007D7663 /* Assets.xcassets in Resources */ = {isa = PBXBuildFile; fileRef = 9B47CC3E1E4C8A12007D7663 /* Assets.xcassets */; };
		9B47CC421E4C8A12007D7663 /* LaunchScreen.storyboard in Resources */ = {isa = PBXBuildFile; fileRef = 9B47CC401E4C8A12007D7663 /* LaunchScreen.storyboard */; };
		9B47CC4A1E4C8C13007D7663 /* logo.png in Resources */ = {isa = PBXBuildFile; fileRef = 9B47CC491E4C8C13007D7663 /* logo.png */; };
		9B47CC4C1E4C8C89007D7663 /* botaogerar.png in Resources */ = {isa = PBXBuildFile; fileRef = 9B47CC4B1E4C8C89007D7663 /* botaogerar.png */; };
		9B47CC4E1E4C8C90007D7663 /* botaogerar-pressionado.png in Resources */ = {isa = PBXBuildFile; fileRef = 9B47CC4D1E4C8C90007D7663 /* botaogerar-pressionado.png */; };
/* End PBXBuildFile section */

/* Begin PBXFileReference section */
		9B47CC341E4C8A12007D7663 /* Gerador Numeros Aula.app */ = {isa = PBXFileReference; explicitFileType = wrapper.application; includeInIndex = 0; path = "Gerador Numeros Aula.app"; sourceTree = BUILT_PRODUCTS_DIR; };
		9B47CC371E4C8A12007D7663 /* AppDelegate.swift */ = {isa = PBXFileReference; lastKnownFileType = sourcecode.swift; path = AppDelegate.swift; sourceTree = "<group>"; };
		9B47CC391E4C8A12007D7663 /* ViewController.swift */ = {isa = PBXFileReference; lastKnownFileType = sourcecode.swift; path = ViewController.swift; sourceTree = "<group>"; };
		9B47CC3C1E4C8A12007D7663 /* Base */ = {isa = PBXFileReference; lastKnownFileType = file.storyboard; name = Base; path = Base.lproj/Main.storyboard; sourceTree = "<group>"; };
		9B47CC3E1E4C8A12007D7663 /* Assets.xcassets */ = {isa = PBXFileReference; lastKnownFileType = folder.assetcatalog; path = Assets.xcassets; sourceTree = "<group>"; };
		9B47CC411E4C8A12007D7663 /* Base */ = {isa = PBXFileReference; lastKnownFileType = file.storyboard; name = Base; path = Base.lproj/LaunchScreen.storyboard; sourceTree = "<group>"; };
		9B47CC431E4C8A12007D7663 /* Info.plist */ = {isa = PBXFileReference; lastKnownFileType = text.plist.xml; path = Info.plist; sourceTree = "<group>"; };
		9B47CC491E4C8C13007D7663 /* logo.png */ = {isa = PBXFileReference; lastKnownFileType = image.png; path = logo.png; sourceTree = "<group>"; };
		9B47CC4B1E4C8C89007D7663 /* botaogerar.png */ = {isa = PBXFileReference; lastKnownFileType = image.png; path = botaogerar.png; sourceTree = "<group>"; };
		9B47CC4D1E4C8C90007D7663 /* botaogerar-pressionado.png */ = {isa = PBXFileReference; lastKnownFileType = image.png; path = "botaogerar-pressionado.png"; sourceTree = "<group>"; };
/* End PBXFileReference section */

/* Begin PBXFrameworksBuildPhase section */
		9B47CC311E4C8A12007D7663 /* Frameworks */ = {
			isa = PBXFrameworksBuildPhase;
			buildActionMask = 2147483647;
			files = (
			);
			runOnlyForDeploymentPostprocessing = 0;
		};
/* End PBXFrameworksBuildPhase section */

/* Begin PBXGroup section */
		9B47CC2B1E4C8A12007D7663 = {
			isa = PBXGroup;
			children = (
				9B47CC361E4C8A12007D7663 /* Gerador Numeros Aula */,
				9B47CC351E4C8A12007D7663 /* Products */,
			);
			sourceTree = "<group>";
		};
		9B47CC351E4C8A12007D7663 /* Products */ = {
			isa = PBXGroup;
			children = (
				9B47CC341E4C8A12007D7663 /* Gerador Numeros Aula.app */,
			);
			name = Products;
			sourceTree = "<group>";
		};
		9B47CC361E4C8A12007D7663 /* Gerador Numeros Aula */ = {
			isa = PBXGroup;
			children = (
				9B47CC371E4C8A12007D7663 /* AppDelegate.swift */,
				9B47CC391E4C8A12007D7663 /* ViewController.swift */,
				9B47CC3B1E4C8A12007D7663 /* Main.storyboard */,
				9B47CC3E1E4C8A12007D7663 /* Assets.xcassets */,
				9B47CC401E4C8A12007D7663 /* LaunchScreen.storyboard */,
				9B47CC431E4C8A12007D7663 /* Info.plist */,
				9B47CC491E4C8C13007D7663 /* logo.png */,
				9B47CC4B1E4C8C89007D7663 /* botaogerar.png */,
				9B47CC4D1E4C8C90007D7663 /* botaogerar-pressionado.png */,
			);
			path = "Gerador Numeros Aula";
			sourceTree = "<group>";
		};
/* End PBXGroup section */

/* Begin PBXNativeTarget section */
		9B47CC331E4C8A12007D7663 /* Gerador Numeros Aula */ = {
			isa = PBXNativeTarget;
			buildConfigurationList = 9B47CC461E4C8A12007D7663 /* Build configuration list for PBXNativeTarget "Gerador Numeros Aula" */;
			buildPhases = (
				9B47CC301E4C8A12007D7663 /* Sources */,
				9B47CC311E4C8A12007D7663 /* Frameworks */,
				9B47CC321E4C8A12007D7663 /* Resources */,
			);
			buildRules = (
			);
			dependencies = (
			);
			name = "Gerador Numeros Aula";
			productName = "Gerador Numeros Aula";
			productReference = 9B47CC341E4C8A12007D7663 /* Gerador Numeros Aula.app */;
			productType = "com.apple.product-type.application";
		};
/* End PBXNativeTarget section */

/* Begin PBXProject section */
		9B47CC2C1E4C8A12007D7663 /* Project object */ = {
			isa = PBXProject;
			attributes = {
				LastSwiftUpdateCheck = 0800;
				LastUpgradeCheck = 0800;
				ORGANIZATIONNAME = "Tiago-Dev13";
				TargetAttributes = {
					9B47CC331E4C8A12007D7663 = {
						CreatedOnToolsVersion = 8.0;
						ProvisioningStyle = Automatic;
					};
				};
			};
			buildConfigurationList = 9B47CC2F1E4C8A12007D7663 /* Build configuration list for PBXProject "Gerador Numeros Aula" */;
			compatibilityVersion = "Xcode 3.2";
			developmentRegion = English;
			hasScannedForEncodings = 0;
			knownRegions = (
				en,
				Base,
			);
			mainGroup = 9B47CC2B1E4C8A12007D7663;
			productRefGroup = 9B47CC351E4C8A12007D7663 /* Products */;
			projectDirPath = "";
			projectRoot = "";
			targets = (
				9B47CC331E4C8A12007D7663 /* Gerador Numeros Aula */,
			);
		};
/* End PBXProject section */

/* Begin PBXResourcesBuildPhase section */
		9B47CC321E4C8A12007D7663 /* Resources */ = {
			isa = PBXResourcesBuildPhase;
			buildActionMask = 2147483647;
			files = (
				9B47CC4A1E4C8C13007D7663 /* logo.png in Resources */,
				9B47CC421E4C8A12007D7663 /* LaunchScreen.storyboard in Resources */,
				9B47CC4C1E4C8C89007D7663 /* botaogerar.png in Resources */,
				9B47CC3F1E4C8A12007D7663 /* Assets.xcassets in Resources */,
				9B47CC3D1E4C8A12007D7663 /* Main.storyboard in Resources */,
				9B47CC4E1E4C8C90007D7663 /* botaogerar-pressionado.png in Resources */,
			);
			runOnlyForDeploymentPostprocessing = 0;
		};
/* End PBXResourcesBuildPhase section */

/* Begin PBXSourcesBuildPhase section */
		9B47CC301E4C8A12007D7663 /* Sources */ = {
			isa = PBXSourcesBuildPhase;
			buildActionMask = 2147483647;
			files = (
				9B47CC3A1E4C8A12007D7663 /* ViewController.swift in Sources */,
				9B47CC381E4C8A12007D7663 /* AppDelegate.swift in Sources */,
			);
			runOnlyForDeploymentPostprocessing = 0;
		};
/* End PBXSourcesBuildPhase section */

/* Begin PBXVariantGroup section */
		9B47CC3B1E4C8A12007D7663 /* Main.storyboard */ = {
			isa = PBXVariantGroup;
			children = (
				9B47CC3C1E4C8A12007D7663 /* Base */,
			);
			name = Main.storyboard;
			sourceTree = "<group>";
		};
		9B47CC401E4C8A12007D7663 /* LaunchScreen.storyboard */ = {
			isa = PBXVariantGroup;
			children = (
				9B47CC411E4C8A12007D7663 /* Base */,
			);
			name = LaunchScreen.storyboard;
			sourceTree = "<group>";
		};
/* End PBXVariantGroup section */

/* Begin XCBuildConfiguration section */
		9B47CC441E4C8A12007D7663 /* Debug */ = {
			isa = XCBuildConfiguration;
			buildSettings = {
				ALWAYS_SEARCH_USER_PATHS = NO;
				CLANG_ANALYZER_NONNULL = YES;
				CLANG_CXX_LANGUAGE_STANDARD = "gnu++0x";
				CLANG_CXX_LIBRARY = "libc++";
				CLANG_ENABLE_MODULES = YES;
				CLANG_ENABLE_OBJC_ARC = YES;
				CLANG_WARN_BOOL_CONVERSION = YES;
				CLANG_WARN_CONSTANT_CONVERSION = YES;
				CLANG_WARN_DIRECT_OBJC_ISA_USAGE = YES_ERROR;
				CLANG_WARN_DOCUMENTATION_COMMENTS = YES;
				CLANG_WARN_EMPTY_BODY = YES;
				CLANG_WARN_ENUM_CONVERSION = YES;
				CLANG_WARN_INFINITE_RECURSION = YES;
				CLANG_WARN_INT_CONVERSION = YES;
				CLANG_WARN_OBJC_ROOT_CLASS = YES_ERROR;
				CLANG_WARN_SUSPICIOUS_MOVES = YES;
				CLANG_WARN_UNREACHABLE_CODE = YES;
				CLANG_WARN__DUPLICATE_METHOD_MATCH = YES;
				"CODE_SIGN_IDENTITY[sdk=iphoneos*]" = "iPhone Developer";
				COPY_PHASE_STRIP = NO;
				DEBUG_INFORMATION_FORMAT = dwarf;
				ENABLE_STRICT_OBJC_MSGSEND = YES;
				ENABLE_TESTABILITY = YES;
				GCC_C_LANGUAGE_STANDARD = gnu99;
				GCC_DYNAMIC_NO_PIC = NO;
				GCC_NO_COMMON_BLOCKS = YES;
				GCC_OPTIMIZATION_LEVEL = 0;
				GCC_PREPROCESSOR_DEFINITIONS = (
					"DEBUG=1",
					"$(inherited)",
				);
				GCC_WARN_64_TO_32_BIT_CONVERSION = YES;
				GCC_WARN_ABOUT_RETURN_TYPE = YES_ERROR;
				GCC_WARN_UNDECLARED_SELECTOR = YES;
				GCC_WARN_UNINITIALIZED_AUTOS = YES_AGGRESSIVE;
				GCC_WARN_UNUSED_FUNCTION = YES;
				GCC_WARN_UNUSED_VARIABLE = YES;
				IPHONEOS_DEPLOYMENT_TARGET = 10.0;
				MTL_ENABLE_DEBUG_INFO = YES;
				ONLY_ACTIVE_ARCH = YES;
				SDKROOT = iphoneos;
				SWIFT_ACTIVE_COMPILATION_CONDITIONS = DEBUG;
				SWIFT_OPTIMIZATION_LEVEL = "-Onone";
			};
			name = Debug;
		};
		9B47CC451E4C8A12007D7663 /* Release */ = {
			isa = XCBuildConfiguration;
			buildSettings = {
				ALWAYS_SEARCH_USER_PATHS = NO;
				CLANG_ANALYZER_NONNULL = YES;
				CLANG_CXX_LANGUAGE_STANDARD = "gnu++0x";
				CLANG_CXX_LIBRARY = "libc++";
				CLANG_ENABLE_MODULES = YES;
				CLANG_ENABLE_OBJC_ARC = YES;
				CLANG_WARN_BOOL_CONVERSION = YES;
				CLANG_WARN_CONSTANT_CONVERSION = YES;
				CLANG_WARN_DIRECT_OBJC_ISA_USAGE = YES_ERROR;
				CLANG_WARN_DOCUMENTATION_COMMENTS = YES;
				CLANG_WARN_EMPTY_BODY = YES;
				CLANG_WARN_ENUM_CONVERSION = YES;
				CLANG_WARN_INFINITE_RECURSION = YES;
				CLANG_WARN_INT_CONVERSION = YES;
				CLANG_WARN_OBJC_ROOT_CLASS = YES_ERROR;
				CLANG_WARN_SUSPICIOUS_MOVES = YES;
				CLANG_WARN_UNREACHABLE_CODE = YES;
				CLANG_WARN__DUPLICATE_METHOD_MATCH = YES;
				"CODE_SIGN_IDENTITY[sdk=iphoneos*]" = "iPhone Developer";
				COPY_PHASE_STRIP = NO;
				DEBUG_INFORMATION_FORMAT = "dwarf-with-dsym";
				ENABLE_NS_ASSERTIONS = NO;
				ENABLE_STRICT_OBJC_MSGSEND = YES;
				GCC_C_LANGUAGE_STANDARD = gnu99;
				GCC_NO_COMMON_BLOCKS = YES;
				GCC_WARN_64_TO_32_BIT_CONVERSION = YES;
				GCC_WARN_ABOUT_RETURN_TYPE = YES_ERROR;
				GCC_WARN_UNDECLARED_SELECTOR = YES;
				GCC_WARN_UNINITIALIZED_AUTOS = YES_AGGRESSIVE;
				GCC_WARN_UNUSED_FUNCTION = YES;
				GCC_WARN_UNUSED_VARIABLE = YES;
				IPHONEOS_DEPLOYMENT_TARGET = 10.0;
				MTL_ENABLE_DEBUG_INFO = NO;
				SDKROOT = iphoneos;
				SWIFT_OPTIMIZATION_LEVEL = "-Owholemodule";
				VALIDATE_PRODUCT = YES;
			};
			name = Release;
		};
		9B47CC471E4C8A12007D7663 /* Debug */ = {
			isa = XCBuildConfiguration;
			buildSettings = {
				ASSETCATALOG_COMPILER_APPICON_NAME = AppIcon;
				INFOPLIST_FILE = "Gerador Numeros Aula/Info.plist";
				LD_RUNPATH_SEARCH_PATHS = "$(inherited) @executable_path/Frameworks";
				PRODUCT_BUNDLE_IDENTIFIER = "br.com.Gerador-Numeros-Aula";
				PRODUCT_NAME = "$(TARGET_NAME)";
				SWIFT_VERSION = 3.0;
			};
			name = Debug;
		};
		9B47CC481E4C8A12007D7663 /* Release */ = {
			isa = XCBuildConfiguration;
			buildSettings = {
				ASSETCATALOG_COMPILER_APPICON_NAME = AppIcon;
				INFOPLIST_FILE = "Gerador Numeros Aula/Info.plist";
				LD_RUNPATH_SEARCH_PATHS = "$(inherited) @executable_path/Frameworks";
				PRODUCT_BUNDLE_IDENTIFIER = "br.com.Gerador-Numeros-Aula";
				PRODUCT_NAME = "$(TARGET_NAME)";
				SWIFT_VERSION = 3.0;
			};
			name = Release;
		};
/* End XCBuildConfiguration section */

/* Begin XCConfigurationList section */
		9B47CC2F1E4C8A12007D7663 /* Build configuration list for PBXProject "Gerador Numeros Aula" */ = {
			isa = XCConfigurationList;
			buildConfigurations = (
				9B47CC441E4C8A12007D7663 /* Debug */,
				9B47CC451E4C8A12007D7663 /* Release */,
			);
			defaultConfigurationIsVisible = 0;
			defaultConfigurationName = Release;
		};
		9B47CC461E4C8A12007D7663 /* Build configuration list for PBXNativeTarget "Gerador Numeros Aula" */ = {
			isa = XCConfigurationList;
			buildConfigurations = (
				9B47CC471E4C8A12007D7663 /* Debug */,
				9B47CC481E4C8A12007D7663 /* Release */,
			);
			defaultConfigurationIsVisible = 0;
		};
/* End XCConfigurationList section */
	};
	rootObject = 9B47CC2C1E4C8A12007D7663 /* Project object */;
}
