// !$*UTF8*$!
{
	archiveVersion = 1;
	classes = {
	};
	objectVersion = 46;
	objects = {

/* Begin PBXBuildFile section */
		8BD9B4D21E93ABF40053970C /* AppDelegate.swift in Sources */ = {isa = PBXBuildFile; fileRef = 8BD9B4D11E93ABF40053970C /* AppDelegate.swift */; };
		8BD9B4D41E93ABF40053970C /* ViewController.swift in Sources */ = {isa = PBXBuildFile; fileRef = 8BD9B4D31E93ABF40053970C /* ViewController.swift */; };
		8BD9B4D71E93ABF40053970C /* Main.storyboard in Resources */ = {isa = PBXBuildFile; fileRef = 8BD9B4D51E93ABF40053970C /* Main.storyboard */; };
		8BD9B4D91E93ABF40053970C /* Assets.xcassets in Resources */ = {isa = PBXBuildFile; fileRef = 8BD9B4D81E93ABF40053970C /* Assets.xcassets */; };
		8BD9B4DC1E93ABF40053970C /* LaunchScreen.storyboard in Resources */ = {isa = PBXBuildFile; fileRef = 8BD9B4DA1E93ABF40053970C /* LaunchScreen.storyboard */; };
/* End PBXBuildFile section */

/* Begin PBXFileReference section */
		8BD9B4CE1E93ABF40053970C /* ActivityIndicatorHUD.app */ = {isa = PBXFileReference; explicitFileType = wrapper.application; includeInIndex = 0; path = ActivityIndicatorHUD.app; sourceTree = BUILT_PRODUCTS_DIR; };
		8BD9B4D11E93ABF40053970C /* AppDelegate.swift */ = {isa = PBXFileReference; lastKnownFileType = sourcecode.swift; path = AppDelegate.swift; sourceTree = "<group>"; };
		8BD9B4D31E93ABF40053970C /* ViewController.swift */ = {isa = PBXFileReference; lastKnownFileType = sourcecode.swift; path = ViewController.swift; sourceTree = "<group>"; };
		8BD9B4D61E93ABF40053970C /* Base */ = {isa = PBXFileReference; lastKnownFileType = file.storyboard; name = Base; path = Base.lproj/Main.storyboard; sourceTree = "<group>"; };
		8BD9B4D81E93ABF40053970C /* Assets.xcassets */ = {isa = PBXFileReference; lastKnownFileType = folder.assetcatalog; path = Assets.xcassets; sourceTree = "<group>"; };
		8BD9B4DB1E93ABF40053970C /* Base */ = {isa = PBXFileReference; lastKnownFileType = file.storyboard; name = Base; path = Base.lproj/LaunchScreen.storyboard; sourceTree = "<group>"; };
		8BD9B4DD1E93ABF40053970C /* Info.plist */ = {isa = PBXFileReference; lastKnownFileType = text.plist.xml; path = Info.plist; sourceTree = "<group>"; };
/* End PBXFileReference section */

/* Begin PBXFrameworksBuildPhase section */
		8BD9B4CB1E93ABF40053970C /* Frameworks */ = {
			isa = PBXFrameworksBuildPhase;
			buildActionMask = 2147483647;
			files = (
			);
			runOnlyForDeploymentPostprocessing = 0;
		};
/* End PBXFrameworksBuildPhase section */

/* Begin PBXGroup section */
		8BD9B4C51E93ABF40053970C = {
			isa = PBXGroup;
			children = (
				8BD9B4D01E93ABF40053970C /* ActivityIndicatorHUD */,
				8BD9B4CF1E93ABF40053970C /* Products */,
			);
			sourceTree = "<group>";
		};
		8BD9B4CF1E93ABF40053970C /* Products */ = {
			isa = PBXGroup;
			children = (
				8BD9B4CE1E93ABF40053970C /* ActivityIndicatorHUD.app */,
			);
			name = Products;
			sourceTree = "<group>";
		};
		8BD9B4D01E93ABF40053970C /* ActivityIndicatorHUD */ = {
			isa = PBXGroup;
			children = (
				8BD9B4D11E93ABF40053970C /* AppDelegate.swift */,
				8BD9B4D31E93ABF40053970C /* ViewController.swift */,
				8BD9B4D51E93ABF40053970C /* Main.storyboard */,
				8BD9B4D81E93ABF40053970C /* Assets.xcassets */,
				8BD9B4DA1E93ABF40053970C /* LaunchScreen.storyboard */,
				8BD9B4DD1E93ABF40053970C /* Info.plist */,
			);
			path = ActivityIndicatorHUD;
			sourceTree = "<group>";
		};
/* End PBXGroup section */

/* Begin PBXNativeTarget section */
		8BD9B4CD1E93ABF40053970C /* ActivityIndicatorHUD */ = {
			isa = PBXNativeTarget;
			buildConfigurationList = 8BD9B4E01E93ABF40053970C /* Build configuration list for PBXNativeTarget "ActivityIndicatorHUD" */;
			buildPhases = (
				8BD9B4CA1E93ABF40053970C /* Sources */,
				8BD9B4CB1E93ABF40053970C /* Frameworks */,
				8BD9B4CC1E93ABF40053970C /* Resources */,
			);
			buildRules = (
			);
			dependencies = (
			);
			name = ActivityIndicatorHUD;
			productName = ActivityIndicatorHUD;
			productReference = 8BD9B4CE1E93ABF40053970C /* ActivityIndicatorHUD.app */;
			productType = "com.apple.product-type.application";
		};
/* End PBXNativeTarget section */

/* Begin PBXProject section */
		8BD9B4C61E93ABF40053970C /* Project object */ = {
			isa = PBXProject;
			attributes = {
				LastSwiftUpdateCheck = 0830;
				LastUpgradeCheck = 0830;
				ORGANIZATIONNAME = Dev13;
				TargetAttributes = {
					8BD9B4CD1E93ABF40053970C = {
						CreatedOnToolsVersion = 8.3;
						DevelopmentTeam = T3D439LYC3;
						ProvisioningStyle = Automatic;
					};
				};
			};
			buildConfigurationList = 8BD9B4C91E93ABF40053970C /* Build configuration list for PBXProject "ActivityIndicatorHUD" */;
			compatibilityVersion = "Xcode 3.2";
			developmentRegion = English;
			hasScannedForEncodings = 0;
			knownRegions = (
				en,
				Base,
			);
			mainGroup = 8BD9B4C51E93ABF40053970C;
			productRefGroup = 8BD9B4CF1E93ABF40053970C /* Products */;
			projectDirPath = "";
			projectRoot = "";
			targets = (
				8BD9B4CD1E93ABF40053970C /* ActivityIndicatorHUD */,
			);
		};
/* End PBXProject section */

/* Begin PBXResourcesBuildPhase section */
		8BD9B4CC1E93ABF40053970C /* Resources */ = {
			isa = PBXResourcesBuildPhase;
			buildActionMask = 2147483647;
			files = (
				8BD9B4DC1E93ABF40053970C /* LaunchScreen.storyboard in Resources */,
				8BD9B4D91E93ABF40053970C /* Assets.xcassets in Resources */,
				8BD9B4D71E93ABF40053970C /* Main.storyboard in Resources */,
			);
			runOnlyForDeploymentPostprocessing = 0;
		};
/* End PBXResourcesBuildPhase section */

/* Begin PBXSourcesBuildPhase section */
		8BD9B4CA1E93ABF40053970C /* Sources */ = {
			isa = PBXSourcesBuildPhase;
			buildActionMask = 2147483647;
			files = (
				8BD9B4D41E93ABF40053970C /* ViewController.swift in Sources */,
				8BD9B4D21E93ABF40053970C /* AppDelegate.swift in Sources */,
			);
			runOnlyForDeploymentPostprocessing = 0;
		};
/* End PBXSourcesBuildPhase section */

/* Begin PBXVariantGroup section */
		8BD9B4D51E93ABF40053970C /* Main.storyboard */ = {
			isa = PBXVariantGroup;
			children = (
				8BD9B4D61E93ABF40053970C /* Base */,
			);
			name = Main.storyboard;
			sourceTree = "<group>";
		};
		8BD9B4DA1E93ABF40053970C /* LaunchScreen.storyboard */ = {
			isa = PBXVariantGroup;
			children = (
				8BD9B4DB1E93ABF40053970C /* Base */,
			);
			name = LaunchScreen.storyboard;
			sourceTree = "<group>";
		};
/* End PBXVariantGroup section */

/* Begin XCBuildConfiguration section */
		8BD9B4DE1E93ABF40053970C /* Debug */ = {
			isa = XCBuildConfiguration;
			buildSettings = {
				ALWAYS_SEARCH_USER_PATHS = NO;
				CLANG_ANALYZER_NONNULL = YES;
				CLANG_ANALYZER_NUMBER_OBJECT_CONVERSION = YES_AGGRESSIVE;
				CLANG_CXX_LANGUAGE_STANDARD = "gnu++0x";
				CLANG_CXX_LIBRARY = "libc++";
				CLANG_ENABLE_MODULES = YES;
				CLANG_ENABLE_OBJC_ARC = YES;
				CLANG_WARN_BOOL_CONVERSION = YES;
				CLANG_WARN_CONSTANT_CONVERSION = YES;
				CLANG_WARN_DIRECT_OBJC_ISA_USAGE = YES_ERROR;
				CLANG_WARN_DOCUMENTATION_COMMENTS = YES;
				CLANG_WARN_EMPTY_BODY = YES;
				CLANG_WARN_ENUM_CONVERSION = YES;
				CLANG_WARN_INFINITE_RECURSION = YES;
				CLANG_WARN_INT_CONVERSION = YES;
				CLANG_WARN_OBJC_ROOT_CLASS = YES_ERROR;
				CLANG_WARN_SUSPICIOUS_MOVE = YES;
				CLANG_WARN_UNREACHABLE_CODE = YES;
				CLANG_WARN__DUPLICATE_METHOD_MATCH = YES;
				"CODE_SIGN_IDENTITY[sdk=iphoneos*]" = "iPhone Developer";
				COPY_PHASE_STRIP = NO;
				DEBUG_INFORMATION_FORMAT = dwarf;
				ENABLE_STRICT_OBJC_MSGSEND = YES;
				ENABLE_TESTABILITY = YES;
				GCC_C_LANGUAGE_STANDARD = gnu99;
				GCC_DYNAMIC_NO_PIC = NO;
				GCC_NO_COMMON_BLOCKS = YES;
				GCC_OPTIMIZATION_LEVEL = 0;
				GCC_PREPROCESSOR_DEFINITIONS = (
					"DEBUG=1",
					"$(inherited)",
				);
				GCC_WARN_64_TO_32_BIT_CONVERSION = YES;
				GCC_WARN_ABOUT_RETURN_TYPE = YES_ERROR;
				GCC_WARN_UNDECLARED_SELECTOR = YES;
				GCC_WARN_UNINITIALIZED_AUTOS = YES_AGGRESSIVE;
				GCC_WARN_UNUSED_FUNCTION = YES;
				GCC_WARN_UNUSED_VARIABLE = YES;
				IPHONEOS_DEPLOYMENT_TARGET = 10.3;
				MTL_ENABLE_DEBUG_INFO = YES;
				ONLY_ACTIVE_ARCH = YES;
				SDKROOT = iphoneos;
				SWIFT_ACTIVE_COMPILATION_CONDITIONS = DEBUG;
				SWIFT_OPTIMIZATION_LEVEL = "-Onone";
			};
			name = Debug;
		};
		8BD9B4DF1E93ABF40053970C /* Release */ = {
			isa = XCBuildConfiguration;
			buildSettings = {
				ALWAYS_SEARCH_USER_PATHS = NO;
				CLANG_ANALYZER_NONNULL = YES;
				CLANG_ANALYZER_NUMBER_OBJECT_CONVERSION = YES_AGGRESSIVE;
				CLANG_CXX_LANGUAGE_STANDARD = "gnu++0x";
				CLANG_CXX_LIBRARY = "libc++";
				CLANG_ENABLE_MODULES = YES;
				CLANG_ENABLE_OBJC_ARC = YES;
				CLANG_WARN_BOOL_CONVERSION = YES;
				CLANG_WARN_CONSTANT_CONVERSION = YES;
				CLANG_WARN_DIRECT_OBJC_ISA_USAGE = YES_ERROR;
				CLANG_WARN_DOCUMENTATION_COMMENTS = YES;
				CLANG_WARN_EMPTY_BODY = YES;
				CLANG_WARN_ENUM_CONVERSION = YES;
				CLANG_WARN_INFINITE_RECURSION = YES;
				CLANG_WARN_INT_CONVERSION = YES;
				CLANG_WARN_OBJC_ROOT_CLASS = YES_ERROR;
				CLANG_WARN_SUSPICIOUS_MOVE = YES;
				CLANG_WARN_UNREACHABLE_CODE = YES;
				CLANG_WARN__DUPLICATE_METHOD_MATCH = YES;
				"CODE_SIGN_IDENTITY[sdk=iphoneos*]" = "iPhone Developer";
				COPY_PHASE_STRIP = NO;
				DEBUG_INFORMATION_FORMAT = "dwarf-with-dsym";
				ENABLE_NS_ASSERTIONS = NO;
				ENABLE_STRICT_OBJC_MSGSEND = YES;
				GCC_C_LANGUAGE_STANDARD = gnu99;
				GCC_NO_COMMON_BLOCKS = YES;
				GCC_WARN_64_TO_32_BIT_CONVERSION = YES;
				GCC_WARN_ABOUT_RETURN_TYPE = YES_ERROR;
				GCC_WARN_UNDECLARED_SELECTOR = YES;
				GCC_WARN_UNINITIALIZED_AUTOS = YES_AGGRESSIVE;
				GCC_WARN_UNUSED_FUNCTION = YES;
				GCC_WARN_UNUSED_VARIABLE = YES;
				IPHONEOS_DEPLOYMENT_TARGET = 10.3;
				MTL_ENABLE_DEBUG_INFO = NO;
				SDKROOT = iphoneos;
				SWIFT_OPTIMIZATION_LEVEL = "-Owholemodule";
				VALIDATE_PRODUCT = YES;
			};
			name = Release;
		};
		8BD9B4E11E93ABF40053970C /* Debug */ = {
			isa = XCBuildConfiguration;
			buildSettings = {
				ASSETCATALOG_COMPILER_APPICON_NAME = AppIcon;
				DEVELOPMENT_TEAM = T3D439LYC3;
				INFOPLIST_FILE = ActivityIndicatorHUD/Info.plist;
				LD_RUNPATH_SEARCH_PATHS = "$(inherited) @executable_path/Frameworks";
				PRODUCT_BUNDLE_IDENTIFIER = tiagohermano.ActivityIndicatorHUD;
				PRODUCT_NAME = "$(TARGET_NAME)";
				SWIFT_VERSION = 3.0;
			};
			name = Debug;
		};
		8BD9B4E21E93ABF40053970C /* Release */ = {
			isa = XCBuildConfiguration;
			buildSettings = {
				ASSETCATALOG_COMPILER_APPICON_NAME = AppIcon;
				DEVELOPMENT_TEAM = T3D439LYC3;
				INFOPLIST_FILE = ActivityIndicatorHUD/Info.plist;
				LD_RUNPATH_SEARCH_PATHS = "$(inherited) @executable_path/Frameworks";
				PRODUCT_BUNDLE_IDENTIFIER = tiagohermano.ActivityIndicatorHUD;
				PRODUCT_NAME = "$(TARGET_NAME)";
				SWIFT_VERSION = 3.0;
			};
			name = Release;
		};
/* End XCBuildConfiguration section */

/* Begin XCConfigurationList section */
		8BD9B4C91E93ABF40053970C /* Build configuration list for PBXProject "ActivityIndicatorHUD" */ = {
			isa = XCConfigurationList;
			buildConfigurations = (
				8BD9B4DE1E93ABF40053970C /* Debug */,
				8BD9B4DF1E93ABF40053970C /* Release */,
			);
			defaultConfigurationIsVisible = 0;
			defaultConfigurationName = Release;
		};
		8BD9B4E01E93ABF40053970C /* Build configuration list for PBXNativeTarget "ActivityIndicatorHUD" */ = {
			isa = XCConfigurationList;
			buildConfigurations = (
				8BD9B4E11E93ABF40053970C /* Debug */,
				8BD9B4E21E93ABF40053970C /* Release */,
			);
			defaultConfigurationIsVisible = 0;
		};
/* End XCConfigurationList section */
	};
	rootObject = 8BD9B4C61E93ABF40053970C /* Project object */;
}
